# This file is automatically @generated by Cargo.
# It is not intended for manual editing.
version = 4

[[package]]
name = "nxg-config"
version = "0.1.0"

[[package]]
name = "nxg-core"
version = "0.1.0"

[[package]]
name = "nxg-pty"
version = "0.1.0"
dependencies = [
 "nxg-core",
]

[[package]]
name = "nxg-render"
version = "0.1.0"
dependencies = [
 "nxg-core",
]

[[package]]
name = "nxgterm"
version = "0.1.0"
dependencies = [
 "nxg-config",
 "nxg-core",
 "nxg-pty",
 "nxg-render",
]
